{
  "originHash" : "2f67d4a7a2049e246f77aad9e6082a7aee65abcf337eaca949c425c93fafd0f1",
  "pins" : [
    {
      "identity" : "swift-argument-parser",
      "kind" : "remoteSourceControl",
      "location" : "https://github.com/apple/swift-argument-parser.git",
      "state" : {
        "revision" : "cdd0ef3755280949551dc26dee5de9ddeda89f54",
        "version" : "1.6.2"
      }
    },
    {
      "identity" : "taskpaper",
      "kind" : "remoteSourceControl",
      "location" : "https://github.com/deverman/TaskPaper.git",
      "state" : {
        "branch" : "claude/modernize-taskpaper-swift6-015gYZ1n8MMchqup6kJYH8mN",
        "revision" : "6130698b9dc3b257e90a19b507c446ccbd9de325"
      }
    }
  ],
  "version" : 3
}
